Microsoft Visual Studio Solution File, Format Version 12.00
# Visual Studio Version 17
VisualStudioVersion = 17.5.2.0
MinimumVisualStudioVersion = 10.0.40219.1
Project("{2150E333-8FDC-42A3-9474-1A3956D46DE8}") = "dotnet-api", "dotnet-api", "{F32DA15D-601A-F58A-F67C-D7D0F33DA689}"
EndProject
Project("{FAE04EC0-301F-11D3-BF4B-00C04F79EFBC}") = "RangaFlowers.API", "dotnet-api\RangaFlowers.API.csproj", "{72D82F62-821F-0E3B-EFAD-89D43980841B}"
EndProject
Global
	GlobalSection(SolutionConfigurationPlatforms) = preSolution
		Debug|Any CPU = Debug|Any CPU
		Release|Any CPU = Release|Any CPU
	EndGlobalSection
	GlobalSection(ProjectConfigurationPlatforms) = postSolution
		{72D82F62-821F-0E3B-EFAD-89D43980841B}.Debug|Any CPU.ActiveCfg = Debug|Any CPU
		{72D82F62-821F-0E3B-EFAD-89D43980841B}.Debug|Any CPU.Build.0 = Debug|Any CPU
		{72D82F62-821F-0E3B-EFAD-89D43980841B}.Release|Any CPU.ActiveCfg = Release|Any CPU
		{72D82F62-821F-0E3B-EFAD-89D43980841B}.Release|Any CPU.Build.0 = Release|Any CPU
	EndGlobalSection
	GlobalSection(SolutionProperties) = preSolution
		HideSolutionNode = FALSE
	EndGlobalSection
	GlobalSection(NestedProjects) = preSolution
		{72D82F62-821F-0E3B-EFAD-89D43980841B} = {F32DA15D-601A-F58A-F67C-D7D0F33DA689}
	EndGlobalSection
	GlobalSection(ExtensibilityGlobals) = postSolution
		SolutionGuid = {8AF4363C-80E3-402C-98BC-CBB23B88600D}
	EndGlobalSection
EndGlobal
